
Microsoft Visual Studio Solution File, Format Version 12.00
# Visual Studio 15
VisualStudioVersion = 15.0.28307.902
MinimumVisualStudioVersion = 10.0.40219.1
Project("{FAE04EC0-301F-11D3-BF4B-00C04F79EFBC}") = "RicercaPratiche", "RicercaPratiche\RicercaPratiche.csproj", "{EE16B698-1CE4-4D10-A062-2001B1C1ACCF}"
EndProject
Global
	GlobalSection(SolutionConfigurationPlatforms) = preSolution
		Debug|Any CPU = Debug|Any CPU
		Release|Any CPU = Release|Any CPU
	EndGlobalSection
	GlobalSection(ProjectConfigurationPlatforms) = postSolution
		{EE16B698-1CE4-4D10-A062-2001B1C1ACCF}.Debug|Any CPU.ActiveCfg = Debug|Any CPU
		{EE16B698-1CE4-4D10-A062-2001B1C1ACCF}.Debug|Any CPU.Build.0 = Debug|Any CPU
		{EE16B698-1CE4-4D10-A062-2001B1C1ACCF}.Release|Any CPU.ActiveCfg = Release|Any CPU
		{EE16B698-1CE4-4D10-A062-2001B1C1ACCF}.Release|Any CPU.Build.0 = Release|Any CPU
	EndGlobalSection
	GlobalSection(SolutionProperties) = preSolution
		HideSolutionNode = FALSE
	EndGlobalSection
	GlobalSection(ExtensibilityGlobals) = postSolution
		SolutionGuid = {45C1A114-07D0-44C7-9142-F2DC920046CF}
	EndGlobalSection
EndGlobal
